
Microsoft Visual Studio Solution File, Format Version 12.00
# Visual Studio Version 16
VisualStudioVersion = 16.0.30517.126
MinimumVisualStudioVersion = 10.0.40219.1
Project("{FAE04EC0-301F-11D3-BF4B-00C04F79EFBC}") = "cat", "cat\cat.csproj", "{9AD36B78-1340-46FF-A933-606F99282BE9}"
EndProject
Project("{FAE04EC0-301F-11D3-BF4B-00C04F79EFBC}") = "shoppinglist", "shoppinglist\shoppinglist.csproj", "{A0D8944F-4BE3-4F4A-ABA0-2FF28ADCADF6}"
EndProject
Global
	GlobalSection(SolutionConfigurationPlatforms) = preSolution
		Debug|Any CPU = Debug|Any CPU
		Release|Any CPU = Release|Any CPU
	EndGlobalSection
	GlobalSection(ProjectConfigurationPlatforms) = postSolution
		{9AD36B78-1340-46FF-A933-606F99282BE9}.Debug|Any CPU.ActiveCfg = Debug|Any CPU
		{9AD36B78-1340-46FF-A933-606F99282BE9}.Debug|Any CPU.Build.0 = Debug|Any CPU
		{9AD36B78-1340-46FF-A933-606F99282BE9}.Release|Any CPU.ActiveCfg = Release|Any CPU
		{9AD36B78-1340-46FF-A933-606F99282BE9}.Release|Any CPU.Build.0 = Release|Any CPU
		{A0D8944F-4BE3-4F4A-ABA0-2FF28ADCADF6}.Debug|Any CPU.ActiveCfg = Debug|Any CPU
		{A0D8944F-4BE3-4F4A-ABA0-2FF28ADCADF6}.Debug|Any CPU.Build.0 = Debug|Any CPU
		{A0D8944F-4BE3-4F4A-ABA0-2FF28ADCADF6}.Release|Any CPU.ActiveCfg = Release|Any CPU
		{A0D8944F-4BE3-4F4A-ABA0-2FF28ADCADF6}.Release|Any CPU.Build.0 = Release|Any CPU
	EndGlobalSection
	GlobalSection(SolutionProperties) = preSolution
		HideSolutionNode = FALSE
	EndGlobalSection
	GlobalSection(ExtensibilityGlobals) = postSolution
		SolutionGuid = {0953A69B-BEED-4FF6-93BE-8E53125B06C1}
	EndGlobalSection
EndGlobal
